
Microsoft Visual Studio Solution File, Format Version 12.00
# Visual Studio Version 17
VisualStudioVersion = 17.2.32408.312
MinimumVisualStudioVersion = 10.0.40219.1
Project("{9A19103F-16F7-4668-BE54-9A1E7A4F7556}") = "wapp-workshop", "wapp-workshop.csproj", "{276CDA6F-D6F9-42AC-A058-43CACFEB3A45}"
EndProject
Global
	GlobalSection(SolutionConfigurationPlatforms) = preSolution
		Debug|Any CPU = Debug|Any CPU
		Release|Any CPU = Release|Any CPU
	EndGlobalSection
	GlobalSection(ProjectConfigurationPlatforms) = postSolution
		{276CDA6F-D6F9-42AC-A058-43CACFEB3A45}.Debug|Any CPU.ActiveCfg = Debug|Any CPU
		{276CDA6F-D6F9-42AC-A058-43CACFEB3A45}.Debug|Any CPU.Build.0 = Debug|Any CPU
		{276CDA6F-D6F9-42AC-A058-43CACFEB3A45}.Release|Any CPU.ActiveCfg = Release|Any CPU
		{276CDA6F-D6F9-42AC-A058-43CACFEB3A45}.Release|Any CPU.Build.0 = Release|Any CPU
	EndGlobalSection
	GlobalSection(SolutionProperties) = preSolution
		HideSolutionNode = FALSE
	EndGlobalSection
	GlobalSection(ExtensibilityGlobals) = postSolution
		SolutionGuid = {F52EEC1F-6469-40A1-9FA2-8616E556F919}
	EndGlobalSection
EndGlobal
